// !$*UTF8*$!
{
	archiveVersion = 1;
	classes = {
	};
	objectVersion = 48;
	objects = {

/* Begin PBXBuildFile section */
		1903AEC020A651E9007B3381 /* AppDelegate.swift in Sources */ = {isa = PBXBuildFile; fileRef = 1903AEBF20A651E9007B3381 /* AppDelegate.swift */; };
		1903AEC220A651E9007B3381 /* ViewController.swift in Sources */ = {isa = PBXBuildFile; fileRef = 1903AEC120A651E9007B3381 /* ViewController.swift */; };
		1903AEC520A651E9007B3381 /* Main.storyboard in Resources */ = {isa = PBXBuildFile; fileRef = 1903AEC320A651E9007B3381 /* Main.storyboard */; };
		1903AEC720A651E9007B3381 /* Assets.xcassets in Resources */ = {isa = PBXBuildFile; fileRef = 1903AEC620A651E9007B3381 /* Assets.xcassets */; };
		1903AECA20A651E9007B3381 /* LaunchScreen.storyboard in Resources */ = {isa = PBXBuildFile; fileRef = 1903AEC820A651E9007B3381 /* LaunchScreen.storyboard */; };
		1903AED120A65492007B3381 /* SwiftyJSON.framework in Frameworks */ = {isa = PBXBuildFile; fileRef = 1903AED220A65492007B3381 /* SwiftyJSON.framework */; };
		1914CC3B20BFA5D9005A83AA /* CoreLocation.framework in Frameworks */ = {isa = PBXBuildFile; fileRef = 1914CC3A20BFA5D9005A83AA /* CoreLocation.framework */; };
		1972CAA320ACF0E300619818 /* Global_Items.swift in Sources */ = {isa = PBXBuildFile; fileRef = 1972CAA220ACF0E300619818 /* Global_Items.swift */; };
		FB4DCA4CDCBE58C7FCE3F9F7 /* Pods_GroebeCTA.framework in Frameworks */ = {isa = PBXBuildFile; fileRef = 49992A4AD4CE5B78DB20235C /* Pods_GroebeCTA.framework */; };
/* End PBXBuildFile section */

/* Begin PBXFileReference section */
		1903AEBC20A651E9007B3381 /* GroebeCTA.app */ = {isa = PBXFileReference; explicitFileType = wrapper.application; includeInIndex = 0; path = GroebeCTA.app; sourceTree = BUILT_PRODUCTS_DIR; };
		1903AEBF20A651E9007B3381 /* AppDelegate.swift */ = {isa = PBXFileReference; lastKnownFileType = sourcecode.swift; path = AppDelegate.swift; sourceTree = "<group>"; };
		1903AEC120A651E9007B3381 /* ViewController.swift */ = {isa = PBXFileReference; lastKnownFileType = sourcecode.swift; path = ViewController.swift; sourceTree = "<group>"; };
		1903AEC420A651E9007B3381 /* Base */ = {isa = PBXFileReference; lastKnownFileType = file.storyboard; name = Base; path = Base.lproj/Main.storyboard; sourceTree = "<group>"; };
		1903AEC620A651E9007B3381 /* Assets.xcassets */ = {isa = PBXFileReference; lastKnownFileType = folder.assetcatalog; path = Assets.xcassets; sourceTree = "<group>"; };
		1903AEC920A651E9007B3381 /* Base */ = {isa = PBXFileReference; lastKnownFileType = file.storyboard; name = Base; path = Base.lproj/LaunchScreen.storyboard; sourceTree = "<group>"; };
		1903AECB20A651E9007B3381 /* Info.plist */ = {isa = PBXFileReference; lastKnownFileType = text.plist.xml; path = Info.plist; sourceTree = "<group>"; };
		1903AED220A65492007B3381 /* SwiftyJSON.framework */ = {isa = PBXFileReference; explicitFileType = wrapper.framework; path = SwiftyJSON.framework; sourceTree = BUILT_PRODUCTS_DIR; };
		1914CC3A20BFA5D9005A83AA /* CoreLocation.framework */ = {isa = PBXFileReference; lastKnownFileType = wrapper.framework; name = CoreLocation.framework; path = System/Library/Frameworks/CoreLocation.framework; sourceTree = SDKROOT; };
		195738D520C768AF00D67742 /* Location2.gpx */ = {isa = PBXFileReference; lastKnownFileType = text.xml; path = Location2.gpx; sourceTree = "<group>"; };
		1972CAA220ACF0E300619818 /* Global_Items.swift */ = {isa = PBXFileReference; lastKnownFileType = sourcecode.swift; path = Global_Items.swift; sourceTree = "<group>"; };
		49992A4AD4CE5B78DB20235C /* Pods_GroebeCTA.framework */ = {isa = PBXFileReference; explicitFileType = wrapper.framework; includeInIndex = 0; path = Pods_GroebeCTA.framework; sourceTree = BUILT_PRODUCTS_DIR; };
		69E68C683E6A6D02B1C41661 /* Pods-GroebeCTA.debug.xcconfig */ = {isa = PBXFileReference; includeInIndex = 1; lastKnownFileType = text.xcconfig; name = "Pods-GroebeCTA.debug.xcconfig"; path = "Pods/Target Support Files/Pods-GroebeCTA/Pods-GroebeCTA.debug.xcconfig"; sourceTree = "<group>"; };
		88F6D8E28EF835EA87AB96AB /* Pods-GroebeCTA.release.xcconfig */ = {isa = PBXFileReference; includeInIndex = 1; lastKnownFileType = text.xcconfig; name = "Pods-GroebeCTA.release.xcconfig"; path = "Pods/Target Support Files/Pods-GroebeCTA/Pods-GroebeCTA.release.xcconfig"; sourceTree = "<group>"; };
/* End PBXFileReference section */

/* Begin PBXFrameworksBuildPhase section */
		1903AEB920A651E9007B3381 /* Frameworks */ = {
			isa = PBXFrameworksBuildPhase;
			buildActionMask = 2147483647;
			files = (
				1914CC3B20BFA5D9005A83AA /* CoreLocation.framework in Frameworks */,
				1903AED120A65492007B3381 /* SwiftyJSON.framework in Frameworks */,
				FB4DCA4CDCBE58C7FCE3F9F7 /* Pods_GroebeCTA.framework in Frameworks */,
			);
			runOnlyForDeploymentPostprocessing = 0;
		};
/* End PBXFrameworksBuildPhase section */

/* Begin PBXGroup section */
		1903AEB320A651E9007B3381 = {
			isa = PBXGroup;
			children = (
				1903AEBE20A651E9007B3381 /* GroebeCTA */,
				1903AEBD20A651E9007B3381 /* Products */,
				AEB1AB7E8E8D1166DDC66218 /* Pods */,
				2882D953334C20268A2D2C3D /* Frameworks */,
			);
			sourceTree = "<group>";
		};
		1903AEBD20A651E9007B3381 /* Products */ = {
			isa = PBXGroup;
			children = (
				1903AEBC20A651E9007B3381 /* GroebeCTA.app */,
			);
			name = Products;
			sourceTree = "<group>";
		};
		1903AEBE20A651E9007B3381 /* GroebeCTA */ = {
			isa = PBXGroup;
			children = (
				1903AECB20A651E9007B3381 /* Info.plist */,
				1903AEBF20A651E9007B3381 /* AppDelegate.swift */,
				1903AEC620A651E9007B3381 /* Assets.xcassets */,
				1903AEC320A651E9007B3381 /* Main.storyboard */,
				1903AEC820A651E9007B3381 /* LaunchScreen.storyboard */,
				1972CAA220ACF0E300619818 /* Global_Items.swift */,
				195459BE20BF5A6700E21B02 /* View Controllers */,
				195738D520C768AF00D67742 /* Location2.gpx */,
			);
			path = GroebeCTA;
			sourceTree = "<group>";
		};
		195459BE20BF5A6700E21B02 /* View Controllers */ = {
			isa = PBXGroup;
			children = (
				1903AEC120A651E9007B3381 /* ViewController.swift */,
			);
			path = "View Controllers";
			sourceTree = "<group>";
		};
		2882D953334C20268A2D2C3D /* Frameworks */ = {
			isa = PBXGroup;
			children = (
				1914CC3A20BFA5D9005A83AA /* CoreLocation.framework */,
				1903AED220A65492007B3381 /* SwiftyJSON.framework */,
				49992A4AD4CE5B78DB20235C /* Pods_GroebeCTA.framework */,
			);
			name = Frameworks;
			sourceTree = "<group>";
		};
		AEB1AB7E8E8D1166DDC66218 /* Pods */ = {
			isa = PBXGroup;
			children = (
				69E68C683E6A6D02B1C41661 /* Pods-GroebeCTA.debug.xcconfig */,
				88F6D8E28EF835EA87AB96AB /* Pods-GroebeCTA.release.xcconfig */,
			);
			name = Pods;
			sourceTree = "<group>";
		};
/* End PBXGroup section */

/* Begin PBXNativeTarget section */
		1903AEBB20A651E9007B3381 /* GroebeCTA */ = {
			isa = PBXNativeTarget;
			buildConfigurationList = 1903AECE20A651E9007B3381 /* Build configuration list for PBXNativeTarget "GroebeCTA" */;
			buildPhases = (
				940E39BA1A00C11ECF0EF4D9 /* [CP] Check Pods Manifest.lock */,
				1903AEB820A651E9007B3381 /* Sources */,
				1903AEB920A651E9007B3381 /* Frameworks */,
				1903AEBA20A651E9007B3381 /* Resources */,
				85670D4C177F2A3F692F9CE6 /* [CP] Embed Pods Frameworks */,
				AA9CFF48176118A05AECE00E /* [CP] Copy Pods Resources */,
			);
			buildRules = (
			);
			dependencies = (
			);
			name = GroebeCTA;
			productName = GroebeCTA;
			productReference = 1903AEBC20A651E9007B3381 /* GroebeCTA.app */;
			productType = "com.apple.product-type.application";
		};
/* End PBXNativeTarget section */

/* Begin PBXProject section */
		1903AEB420A651E9007B3381 /* Project object */ = {
			isa = PBXProject;
			attributes = {
				LastSwiftUpdateCheck = 0920;
				LastUpgradeCheck = 0930;
				ORGANIZATIONNAME = "DePaul University";
				TargetAttributes = {
					1903AEBB20A651E9007B3381 = {
						CreatedOnToolsVersion = 9.2;
						ProvisioningStyle = Automatic;
					};
				};
			};
			buildConfigurationList = 1903AEB720A651E9007B3381 /* Build configuration list for PBXProject "GroebeCTA" */;
			compatibilityVersion = "Xcode 8.0";
			developmentRegion = en;
			hasScannedForEncodings = 0;
			knownRegions = (
				en,
				Base,
			);
			mainGroup = 1903AEB320A651E9007B3381;
			productRefGroup = 1903AEBD20A651E9007B3381 /* Products */;
			projectDirPath = "";
			projectRoot = "";
			targets = (
				1903AEBB20A651E9007B3381 /* GroebeCTA */,
			);
		};
/* End PBXProject section */

/* Begin PBXResourcesBuildPhase section */
		1903AEBA20A651E9007B3381 /* Resources */ = {
			isa = PBXResourcesBuildPhase;
			buildActionMask = 2147483647;
			files = (
				1903AECA20A651E9007B3381 /* LaunchScreen.storyboard in Resources */,
				1903AEC720A651E9007B3381 /* Assets.xcassets in Resources */,
				1903AEC520A651E9007B3381 /* Main.storyboard in Resources */,
			);
			runOnlyForDeploymentPostprocessing = 0;
		};
/* End PBXResourcesBuildPhase section */

/* Begin PBXShellScriptBuildPhase section */
		85670D4C177F2A3F692F9CE6 /* [CP] Embed Pods Frameworks */ = {
			isa = PBXShellScriptBuildPhase;
			buildActionMask = 2147483647;
			files = (
			);
			inputPaths = (
				"${SRCROOT}/Pods/Target Support Files/Pods-GroebeCTA/Pods-GroebeCTA-frameworks.sh",
				"${BUILT_PRODUCTS_DIR}/Alamofire/Alamofire.framework",
				"${BUILT_PRODUCTS_DIR}/SwiftyJSON/SwiftyJSON.framework",
			);
			name = "[CP] Embed Pods Frameworks";
			outputPaths = (
				"${TARGET_BUILD_DIR}/${FRAMEWORKS_FOLDER_PATH}/Alamofire.framework",
				"${TARGET_BUILD_DIR}/${FRAMEWORKS_FOLDER_PATH}/SwiftyJSON.framework",
			);
			runOnlyForDeploymentPostprocessing = 0;
			shellPath = /bin/sh;
			shellScript = "\"${SRCROOT}/Pods/Target Support Files/Pods-GroebeCTA/Pods-GroebeCTA-frameworks.sh\"\n";
			showEnvVarsInLog = 0;
		};
		940E39BA1A00C11ECF0EF4D9 /* [CP] Check Pods Manifest.lock */ = {
			isa = PBXShellScriptBuildPhase;
			buildActionMask = 2147483647;
			files = (
			);
			inputPaths = (
				"${PODS_PODFILE_DIR_PATH}/Podfile.lock",
				"${PODS_ROOT}/Manifest.lock",
			);
			name = "[CP] Check Pods Manifest.lock";
			outputPaths = (
				"$(DERIVED_FILE_DIR)/Pods-GroebeCTA-checkManifestLockResult.txt",
			);
			runOnlyForDeploymentPostprocessing = 0;
			shellPath = /bin/sh;
			shellScript = "diff \"${PODS_PODFILE_DIR_PATH}/Podfile.lock\" \"${PODS_ROOT}/Manifest.lock\" > /dev/null\nif [ $? != 0 ] ; then\n    # print error to STDERR\n    echo \"error: The sandbox is not in sync with the Podfile.lock. Run 'pod install' or update your CocoaPods installation.\" >&2\n    exit 1\nfi\n# This output is used by Xcode 'outputs' to avoid re-running this script phase.\necho \"SUCCESS\" > \"${SCRIPT_OUTPUT_FILE_0}\"\n";
			showEnvVarsInLog = 0;
		};
		AA9CFF48176118A05AECE00E /* [CP] Copy Pods Resources */ = {
			isa = PBXShellScriptBuildPhase;
			buildActionMask = 2147483647;
			files = (
			);
			inputPaths = (
			);
			name = "[CP] Copy Pods Resources";
			outputPaths = (
			);
			runOnlyForDeploymentPostprocessing = 0;
			shellPath = /bin/sh;
			shellScript = "\"${SRCROOT}/Pods/Target Support Files/Pods-GroebeCTA/Pods-GroebeCTA-resources.sh\"\n";
			showEnvVarsInLog = 0;
		};
/* End PBXShellScriptBuildPhase section */

/* Begin PBXSourcesBuildPhase section */
		1903AEB820A651E9007B3381 /* Sources */ = {
			isa = PBXSourcesBuildPhase;
			buildActionMask = 2147483647;
			files = (
				1972CAA320ACF0E300619818 /* Global_Items.swift in Sources */,
				1903AEC220A651E9007B3381 /* ViewController.swift in Sources */,
				1903AEC020A651E9007B3381 /* AppDelegate.swift in Sources */,
			);
			runOnlyForDeploymentPostprocessing = 0;
		};
/* End PBXSourcesBuildPhase section */

/* Begin PBXVariantGroup section */
		1903AEC320A651E9007B3381 /* Main.storyboard */ = {
			isa = PBXVariantGroup;
			children = (
				1903AEC420A651E9007B3381 /* Base */,
			);
			name = Main.storyboard;
			sourceTree = "<group>";
		};
		1903AEC820A651E9007B3381 /* LaunchScreen.storyboard */ = {
			isa = PBXVariantGroup;
			children = (
				1903AEC920A651E9007B3381 /* Base */,
			);
			name = LaunchScreen.storyboard;
			sourceTree = "<group>";
		};
/* End PBXVariantGroup section */

/* Begin XCBuildConfiguration section */
		1903AECC20A651E9007B3381 /* Debug */ = {
			isa = XCBuildConfiguration;
			buildSettings = {
				ALWAYS_SEARCH_USER_PATHS = NO;
				CLANG_ANALYZER_NONNULL = YES;
				CLANG_ANALYZER_NUMBER_OBJECT_CONVERSION = YES_AGGRESSIVE;
				CLANG_CXX_LANGUAGE_STANDARD = "gnu++14";
				CLANG_CXX_LIBRARY = "libc++";
				CLANG_ENABLE_MODULES = YES;
				CLANG_ENABLE_OBJC_ARC = YES;
				CLANG_WARN_BLOCK_CAPTURE_AUTORELEASING = YES;
				CLANG_WARN_BOOL_CONVERSION = YES;
				CLANG_WARN_COMMA = YES;
				CLANG_WARN_CONSTANT_CONVERSION = YES;
				CLANG_WARN_DEPRECATED_OBJC_IMPLEMENTATIONS = YES;
				CLANG_WARN_DIRECT_OBJC_ISA_USAGE = YES_ERROR;
				CLANG_WARN_DOCUMENTATION_COMMENTS = YES;
				CLANG_WARN_EMPTY_BODY = YES;
				CLANG_WARN_ENUM_CONVERSION = YES;
				CLANG_WARN_INFINITE_RECURSION = YES;
				CLANG_WARN_INT_CONVERSION = YES;
				CLANG_WARN_NON_LITERAL_NULL_CONVERSION = YES;
				CLANG_WARN_OBJC_IMPLICIT_RETAIN_SELF = YES;
				CLANG_WARN_OBJC_LITERAL_CONVERSION = YES;
				CLANG_WARN_OBJC_ROOT_CLASS = YES_ERROR;
				CLANG_WARN_RANGE_LOOP_ANALYSIS = YES;
				CLANG_WARN_STRICT_PROTOTYPES = YES;
				CLANG_WARN_SUSPICIOUS_MOVE = YES;
				CLANG_WARN_UNGUARDED_AVAILABILITY = YES_AGGRESSIVE;
				CLANG_WARN_UNREACHABLE_CODE = YES;
				CLANG_WARN__DUPLICATE_METHOD_MATCH = YES;
				CODE_SIGN_IDENTITY = "iPhone Developer";
				COPY_PHASE_STRIP = NO;
				DEBUG_INFORMATION_FORMAT = dwarf;
				ENABLE_STRICT_OBJC_MSGSEND = YES;
				ENABLE_TESTABILITY = YES;
				GCC_C_LANGUAGE_STANDARD = gnu11;
				GCC_DYNAMIC_NO_PIC = NO;
				GCC_NO_COMMON_BLOCKS = YES;
				GCC_OPTIMIZATION_LEVEL = 0;
				GCC_PREPROCESSOR_DEFINITIONS = (
					"DEBUG=1",
					"$(inherited)",
				);
				GCC_WARN_64_TO_32_BIT_CONVERSION = YES;
				GCC_WARN_ABOUT_RETURN_TYPE = YES_ERROR;
				GCC_WARN_UNDECLARED_SELECTOR = YES;
				GCC_WARN_UNINITIALIZED_AUTOS = YES_AGGRESSIVE;
				GCC_WARN_UNUSED_FUNCTION = YES;
				GCC_WARN_UNUSED_VARIABLE = YES;
				IPHONEOS_DEPLOYMENT_TARGET = 11.2;
				MTL_ENABLE_DEBUG_INFO = YES;
				ONLY_ACTIVE_ARCH = YES;
				SDKROOT = iphoneos;
				SWIFT_ACTIVE_COMPILATION_CONDITIONS = DEBUG;
				SWIFT_OPTIMIZATION_LEVEL = "-Onone";
			};
			name = Debug;
		};
		1903AECD20A651E9007B3381 /* Release */ = {
			isa = XCBuildConfiguration;
			buildSettings = {
				ALWAYS_SEARCH_USER_PATHS = NO;
				CLANG_ANALYZER_NONNULL = YES;
				CLANG_ANALYZER_NUMBER_OBJECT_CONVERSION = YES_AGGRESSIVE;
				CLANG_CXX_LANGUAGE_STANDARD = "gnu++14";
				CLANG_CXX_LIBRARY = "libc++";
				CLANG_ENABLE_MODULES = YES;
				CLANG_ENABLE_OBJC_ARC = YES;
				CLANG_WARN_BLOCK_CAPTURE_AUTORELEASING = YES;
				CLANG_WARN_BOOL_CONVERSION = YES;
				CLANG_WARN_COMMA = YES;
				CLANG_WARN_CONSTANT_CONVERSION = YES;
				CLANG_WARN_DEPRECATED_OBJC_IMPLEMENTATIONS = YES;
				CLANG_WARN_DIRECT_OBJC_ISA_USAGE = YES_ERROR;
				CLANG_WARN_DOCUMENTATION_COMMENTS = YES;
				CLANG_WARN_EMPTY_BODY = YES;
				CLANG_WARN_ENUM_CONVERSION = YES;
				CLANG_WARN_INFINITE_RECURSION = YES;
				CLANG_WARN_INT_CONVERSION = YES;
				CLANG_WARN_NON_LITERAL_NULL_CONVERSION = YES;
				CLANG_WARN_OBJC_IMPLICIT_RETAIN_SELF = YES;
				CLANG_WARN_OBJC_LITERAL_CONVERSION = YES;
				CLANG_WARN_OBJC_ROOT_CLASS = YES_ERROR;
				CLANG_WARN_RANGE_LOOP_ANALYSIS = YES;
				CLANG_WARN_STRICT_PROTOTYPES = YES;
				CLANG_WARN_SUSPICIOUS_MOVE = YES;
				CLANG_WARN_UNGUARDED_AVAILABILITY = YES_AGGRESSIVE;
				CLANG_WARN_UNREACHABLE_CODE = YES;
				CLANG_WARN__DUPLICATE_METHOD_MATCH = YES;
				CODE_SIGN_IDENTITY = "iPhone Developer";
				COPY_PHASE_STRIP = NO;
				DEBUG_INFORMATION_FORMAT = "dwarf-with-dsym";
				ENABLE_NS_ASSERTIONS = NO;
				ENABLE_STRICT_OBJC_MSGSEND = YES;
				GCC_C_LANGUAGE_STANDARD = gnu11;
				GCC_NO_COMMON_BLOCKS = YES;
				GCC_WARN_64_TO_32_BIT_CONVERSION = YES;
				GCC_WARN_ABOUT_RETURN_TYPE = YES_ERROR;
				GCC_WARN_UNDECLARED_SELECTOR = YES;
				GCC_WARN_UNINITIALIZED_AUTOS = YES_AGGRESSIVE;
				GCC_WARN_UNUSED_FUNCTION = YES;
				GCC_WARN_UNUSED_VARIABLE = YES;
				IPHONEOS_DEPLOYMENT_TARGET = 11.2;
				MTL_ENABLE_DEBUG_INFO = NO;
				SDKROOT = iphoneos;
				SWIFT_OPTIMIZATION_LEVEL = "-Owholemodule";
				VALIDATE_PRODUCT = YES;
			};
			name = Release;
		};
		1903AECF20A651E9007B3381 /* Debug */ = {
			isa = XCBuildConfiguration;
			baseConfigurationReference = 69E68C683E6A6D02B1C41661 /* Pods-GroebeCTA.debug.xcconfig */;
			buildSettings = {
				ASSETCATALOG_COMPILER_APPICON_NAME = AppIcon;
				CODE_SIGN_STYLE = Automatic;
				DEVELOPMENT_TEAM = T2VS53SZ92;
				INFOPLIST_FILE = GroebeCTA/Info.plist;
				LD_RUNPATH_SEARCH_PATHS = "$(inherited) @executable_path/Frameworks";
				PRODUCT_BUNDLE_IDENTIFIER = com.groebe.391.GroebeCTA;
				PRODUCT_NAME = "$(TARGET_NAME)";
				SWIFT_VERSION = 4.0;
				TARGETED_DEVICE_FAMILY = "1,2";
			};
			name = Debug;
		};
		1903AED020A651E9007B3381 /* Release */ = {
			isa = XCBuildConfiguration;
			baseConfigurationReference = 88F6D8E28EF835EA87AB96AB /* Pods-GroebeCTA.release.xcconfig */;
			buildSettings = {
				ASSETCATALOG_COMPILER_APPICON_NAME = AppIcon;
				CODE_SIGN_STYLE = Automatic;
				DEVELOPMENT_TEAM = T2VS53SZ92;
				INFOPLIST_FILE = GroebeCTA/Info.plist;
				LD_RUNPATH_SEARCH_PATHS = "$(inherited) @executable_path/Frameworks";
				PRODUCT_BUNDLE_IDENTIFIER = com.groebe.391.GroebeCTA;
				PRODUCT_NAME = "$(TARGET_NAME)";
				SWIFT_VERSION = 4.0;
				TARGETED_DEVICE_FAMILY = "1,2";
			};
			name = Release;
		};
/* End XCBuildConfiguration section */

/* Begin XCConfigurationList section */
		1903AEB720A651E9007B3381 /* Build configuration list for PBXProject "GroebeCTA" */ = {
			isa = XCConfigurationList;
			buildConfigurations = (
				1903AECC20A651E9007B3381 /* Debug */,
				1903AECD20A651E9007B3381 /* Release */,
			);
			defaultConfigurationIsVisible = 0;
			defaultConfigurationName = Release;
		};
		1903AECE20A651E9007B3381 /* Build configuration list for PBXNativeTarget "GroebeCTA" */ = {
			isa = XCConfigurationList;
			buildConfigurations = (
				1903AECF20A651E9007B3381 /* Debug */,
				1903AED020A651E9007B3381 /* Release */,
			);
			defaultConfigurationIsVisible = 0;
			defaultConfigurationName = Release;
		};
/* End XCConfigurationList section */
	};
	rootObject = 1903AEB420A651E9007B3381 /* Project object */;
}
